Microsoft Visual Studio Solution File, Format Version 11.00
# Visual Studio 2015
Project("{6996042A-A81A-66A0-F760-00BC67264334}") = "Blankenhain", "Blankenhain.vcxproj", "{214E0778-593E-5CB1-A91E-747A1938CAF3}"
EndProject
Global
	GlobalSection(SolutionConfigurationPlatforms) = preSolution
		Debug|Win32 = Debug|Win32
		Release|Win32 = Release|Win32
	EndGlobalSection
	GlobalSection(ProjectConfigurationPlatforms) = postSolution
		{214E0778-593E-5CB1-A91E-747A1938CAF3}.Debug|Win32.ActiveCfg = Debug|Win32
		{214E0778-593E-5CB1-A91E-747A1938CAF3}.Debug|Win32.Build.0 = Debug|Win32
		{214E0778-593E-5CB1-A91E-747A1938CAF3}.Release|Win32.ActiveCfg = Release|Win32
		{214E0778-593E-5CB1-A91E-747A1938CAF3}.Release|Win32.Build.0 = Release|Win32
	EndGlobalSection
	GlobalSection(SolutionProperties) = preSolution
		HideSolutionNode = FALSE
	EndGlobalSection
EndGlobal
